
Microsoft Visual Studio Solution File, Format Version 12.00
# Visual Studio Version 17
VisualStudioVersion = 17.7.34009.444
MinimumVisualStudioVersion = 10.0.40219.1
Project("{FAE04EC0-301F-11D3-BF4B-00C04F79EFBC}") = "CSTest01", "CSTest01\CSTest01.csproj", "{C5F56702-8965-4DF3-BF4E-E1EADAD97A58}"
EndProject
Project("{FAE04EC0-301F-11D3-BF4B-00C04F79EFBC}") = "CSconApp01", "CSconApp01\CSconApp01.csproj", "{DDDADF2D-249D-415B-B09A-B84A807EC75F}"
EndProject
Project("{FAE04EC0-301F-11D3-BF4B-00C04F79EFBC}") = "WinFormTest01-Base", "WinFormTest01-Base\WinFormTest01-Base.csproj", "{4A096DBE-1957-4EE2-B96D-DD57460F136F}"
EndProject
Project("{FAE04EC0-301F-11D3-BF4B-00C04F79EFBC}") = "WinFormTest02-DBM", "..\..\WinFormTest02-DBM\WinFormTest02-DBM.csproj", "{A1E6EE40-593C-42E7-8976-283951AF3CAE}"
EndProject
Project("{FAE04EC0-301F-11D3-BF4B-00C04F79EFBC}") = "WinFormTest03-Paint", "WinFormTest03-Paint\WinFormTest03-Paint.csproj", "{9FD01659-943E-4D5C-80A1-8E78C64F75E5}"
EndProject
Global
	GlobalSection(SolutionConfigurationPlatforms) = preSolution
		Debug|Any CPU = Debug|Any CPU
		Release|Any CPU = Release|Any CPU
	EndGlobalSection
	GlobalSection(ProjectConfigurationPlatforms) = postSolution
		{C5F56702-8965-4DF3-BF4E-E1EADAD97A58}.Debug|Any CPU.ActiveCfg = Debug|Any CPU
		{C5F56702-8965-4DF3-BF4E-E1EADAD97A58}.Debug|Any CPU.Build.0 = Debug|Any CPU
		{C5F56702-8965-4DF3-BF4E-E1EADAD97A58}.Release|Any CPU.ActiveCfg = Release|Any CPU
		{C5F56702-8965-4DF3-BF4E-E1EADAD97A58}.Release|Any CPU.Build.0 = Release|Any CPU
		{DDDADF2D-249D-415B-B09A-B84A807EC75F}.Debug|Any CPU.ActiveCfg = Debug|Any CPU
		{DDDADF2D-249D-415B-B09A-B84A807EC75F}.Debug|Any CPU.Build.0 = Debug|Any CPU
		{DDDADF2D-249D-415B-B09A-B84A807EC75F}.Release|Any CPU.ActiveCfg = Release|Any CPU
		{DDDADF2D-249D-415B-B09A-B84A807EC75F}.Release|Any CPU.Build.0 = Release|Any CPU
		{4A096DBE-1957-4EE2-B96D-DD57460F136F}.Debug|Any CPU.ActiveCfg = Debug|Any CPU
		{4A096DBE-1957-4EE2-B96D-DD57460F136F}.Debug|Any CPU.Build.0 = Debug|Any CPU
		{4A096DBE-1957-4EE2-B96D-DD57460F136F}.Release|Any CPU.ActiveCfg = Release|Any CPU
		{4A096DBE-1957-4EE2-B96D-DD57460F136F}.Release|Any CPU.Build.0 = Release|Any CPU
		{A1E6EE40-593C-42E7-8976-283951AF3CAE}.Debug|Any CPU.ActiveCfg = Debug|Any CPU
		{A1E6EE40-593C-42E7-8976-283951AF3CAE}.Debug|Any CPU.Build.0 = Debug|Any CPU
		{A1E6EE40-593C-42E7-8976-283951AF3CAE}.Release|Any CPU.ActiveCfg = Release|Any CPU
		{A1E6EE40-593C-42E7-8976-283951AF3CAE}.Release|Any CPU.Build.0 = Release|Any CPU
		{9FD01659-943E-4D5C-80A1-8E78C64F75E5}.Debug|Any CPU.ActiveCfg = Debug|Any CPU
		{9FD01659-943E-4D5C-80A1-8E78C64F75E5}.Debug|Any CPU.Build.0 = Debug|Any CPU
		{9FD01659-943E-4D5C-80A1-8E78C64F75E5}.Release|Any CPU.ActiveCfg = Release|Any CPU
		{9FD01659-943E-4D5C-80A1-8E78C64F75E5}.Release|Any CPU.Build.0 = Release|Any CPU
	EndGlobalSection
	GlobalSection(SolutionProperties) = preSolution
		HideSolutionNode = FALSE
	EndGlobalSection
	GlobalSection(ExtensibilityGlobals) = postSolution
		SolutionGuid = {A113469A-C153-4498-BB8F-B476D7CA9CD6}
	EndGlobalSection
EndGlobal
